// !$*UTF8*$!
{
	archiveVersion = 1;
	classes = {
	};
	objectVersion = 46;
	objects = {

/* Begin PBXBuildFile section */
		8167A6131DAC246000F96AC2 /* AppDelegate.swift in Sources */ = {isa = PBXBuildFile; fileRef = 8167A6121DAC246000F96AC2 /* AppDelegate.swift */; };
		8167A61C1DAC246000F96AC2 /* Assets.xcassets in Resources */ = {isa = PBXBuildFile; fileRef = 8167A61B1DAC246000F96AC2 /* Assets.xcassets */; };
		8167A61F1DAC246000F96AC2 /* LaunchScreen.storyboard in Resources */ = {isa = PBXBuildFile; fileRef = 8167A61D1DAC246000F96AC2 /* LaunchScreen.storyboard */; };
		81AB37AE1DAC30BD003A586F /* TabBarController.swift in Sources */ = {isa = PBXBuildFile; fileRef = 81AB37AD1DAC30BD003A586F /* TabBarController.swift */; };
		81AB37B01DAC30F3003A586F /* Featured.storyboard in Resources */ = {isa = PBXBuildFile; fileRef = 81AB37AF1DAC30F3003A586F /* Featured.storyboard */; };
		81AB37B21DAC3190003A586F /* Main.storyboard in Resources */ = {isa = PBXBuildFile; fileRef = 81AB37B11DAC3190003A586F /* Main.storyboard */; };
		81EC00651DAD7514009EEFFA /* Featured.swift in Sources */ = {isa = PBXBuildFile; fileRef = 81EC00641DAD7514009EEFFA /* Featured.swift */; };
		81EC00681DAD76EC009EEFFA /* Extensions.swift in Sources */ = {isa = PBXBuildFile; fileRef = 81EC00671DAD76EC009EEFFA /* Extensions.swift */; };
		81EC006A1DAD7704009EEFFA /* Colors.swift in Sources */ = {isa = PBXBuildFile; fileRef = 81EC00691DAD7704009EEFFA /* Colors.swift */; };
		81EC006C1DAD7728009EEFFA /* Initializers.swift in Sources */ = {isa = PBXBuildFile; fileRef = 81EC006B1DAD7728009EEFFA /* Initializers.swift */; };
		81EC006E1DAD7915009EEFFA /* ItemCollection.swift in Sources */ = {isa = PBXBuildFile; fileRef = 81EC006D1DAD7915009EEFFA /* ItemCollection.swift */; };
		81EC00711DAD7979009EEFFA /* FeaturedApp.swift in Sources */ = {isa = PBXBuildFile; fileRef = 81EC00701DAD7979009EEFFA /* FeaturedApp.swift */; };
		81EC00731DAD79A8009EEFFA /* FeaturedBook.swift in Sources */ = {isa = PBXBuildFile; fileRef = 81EC00721DAD79A8009EEFFA /* FeaturedBook.swift */; };
		81EC00751DAD89AF009EEFFA /* Dummy.swift in Sources */ = {isa = PBXBuildFile; fileRef = 81EC00741DAD89AF009EEFFA /* Dummy.swift */; };
		81EC00771DAD89D7009EEFFA /* Banner.swift in Sources */ = {isa = PBXBuildFile; fileRef = 81EC00761DAD89D7009EEFFA /* Banner.swift */; };
		81EC00791DAD8B5A009EEFFA /* Copyright.swift in Sources */ = {isa = PBXBuildFile; fileRef = 81EC00781DAD8B5A009EEFFA /* Copyright.swift */; };
		81EC007B1DAD92A2009EEFFA /* Generics.swift in Sources */ = {isa = PBXBuildFile; fileRef = 81EC007A1DAD92A2009EEFFA /* Generics.swift */; };
		81EC007F1DAE6680009EEFFA /* Items.swift in Sources */ = {isa = PBXBuildFile; fileRef = 81EC007E1DAE6680009EEFFA /* Items.swift */; };
		81EC00891DAE88D3009EEFFA /* App.swift in Sources */ = {isa = PBXBuildFile; fileRef = 81EC00881DAE88D3009EEFFA /* App.swift */; };
		81EC008B1DAE8D1A009EEFFA /* CydiaApp.swift in Sources */ = {isa = PBXBuildFile; fileRef = 81EC008A1DAE8D1A009EEFFA /* CydiaApp.swift */; };
		81EC008D1DAE8F1F009EEFFA /* Book.swift in Sources */ = {isa = PBXBuildFile; fileRef = 81EC008C1DAE8F1F009EEFFA /* Book.swift */; };
		81EC008F1DB11E9A009EEFFA /* Networking.swift in Sources */ = {isa = PBXBuildFile; fileRef = 81EC008E1DB11E9A009EEFFA /* Networking.swift */; };
/* End PBXBuildFile section */

/* Begin PBXFileReference section */
		81196F931DB12F9F00FA1317 /* Alamofire.framework */ = {isa = PBXFileReference; lastKnownFileType = wrapper.framework; path = Alamofire.framework; sourceTree = "<group>"; };
		81196F941DB12F9F00FA1317 /* Cartography.framework */ = {isa = PBXFileReference; lastKnownFileType = wrapper.framework; path = Cartography.framework; sourceTree = "<group>"; };
		81196F951DB12F9F00FA1317 /* Log.framework */ = {isa = PBXFileReference; lastKnownFileType = wrapper.framework; path = Log.framework; sourceTree = "<group>"; };
		81196F961DB12F9F00FA1317 /* ObjectMapper.framework */ = {isa = PBXFileReference; lastKnownFileType = wrapper.framework; path = ObjectMapper.framework; sourceTree = "<group>"; };
		81196F971DB12F9F00FA1317 /* Realm.framework */ = {isa = PBXFileReference; lastKnownFileType = wrapper.framework; path = Realm.framework; sourceTree = "<group>"; };
		81196F981DB12F9F00FA1317 /* RealmSwift.framework */ = {isa = PBXFileReference; lastKnownFileType = wrapper.framework; path = RealmSwift.framework; sourceTree = "<group>"; };
		8167A60F1DAC246000F96AC2 /* appdb.app */ = {isa = PBXFileReference; explicitFileType = wrapper.application; includeInIndex = 0; path = appdb.app; sourceTree = BUILT_PRODUCTS_DIR; };
		8167A6121DAC246000F96AC2 /* AppDelegate.swift */ = {isa = PBXFileReference; lastKnownFileType = sourcecode.swift; path = AppDelegate.swift; sourceTree = "<group>"; };
		8167A61B1DAC246000F96AC2 /* Assets.xcassets */ = {isa = PBXFileReference; lastKnownFileType = folder.assetcatalog; path = Assets.xcassets; sourceTree = "<group>"; };
		8167A61E1DAC246000F96AC2 /* Base */ = {isa = PBXFileReference; lastKnownFileType = file.storyboard; name = Base; path = Base.lproj/LaunchScreen.storyboard; sourceTree = "<group>"; };
		8167A6201DAC246000F96AC2 /* Info.plist */ = {isa = PBXFileReference; lastKnownFileType = text.plist.xml; path = Info.plist; sourceTree = "<group>"; };
		8167A6261DAC24F700F96AC2 /* appdb.entitlements */ = {isa = PBXFileReference; lastKnownFileType = text.plist.entitlements; path = appdb.entitlements; sourceTree = "<group>"; };
		81AB37AD1DAC30BD003A586F /* TabBarController.swift */ = {isa = PBXFileReference; fileEncoding = 4; lastKnownFileType = sourcecode.swift; path = TabBarController.swift; sourceTree = "<group>"; };
		81AB37AF1DAC30F3003A586F /* Featured.storyboard */ = {isa = PBXFileReference; fileEncoding = 4; lastKnownFileType = file.storyboard; path = Featured.storyboard; sourceTree = "<group>"; };
		81AB37B11DAC3190003A586F /* Main.storyboard */ = {isa = PBXFileReference; fileEncoding = 4; lastKnownFileType = file.storyboard; path = Main.storyboard; sourceTree = "<group>"; };
		81EC00641DAD7514009EEFFA /* Featured.swift */ = {isa = PBXFileReference; fileEncoding = 4; lastKnownFileType = sourcecode.swift; path = Featured.swift; sourceTree = "<group>"; };
		81EC00671DAD76EC009EEFFA /* Extensions.swift */ = {isa = PBXFileReference; fileEncoding = 4; lastKnownFileType = sourcecode.swift; path = Extensions.swift; sourceTree = "<group>"; };
		81EC00691DAD7704009EEFFA /* Colors.swift */ = {isa = PBXFileReference; fileEncoding = 4; lastKnownFileType = sourcecode.swift; path = Colors.swift; sourceTree = "<group>"; };
		81EC006B1DAD7728009EEFFA /* Initializers.swift */ = {isa = PBXFileReference; fileEncoding = 4; lastKnownFileType = sourcecode.swift; path = Initializers.swift; sourceTree = "<group>"; };
		81EC006D1DAD7915009EEFFA /* ItemCollection.swift */ = {isa = PBXFileReference; fileEncoding = 4; lastKnownFileType = sourcecode.swift; path = ItemCollection.swift; sourceTree = "<group>"; };
		81EC00701DAD7979009EEFFA /* FeaturedApp.swift */ = {isa = PBXFileReference; fileEncoding = 4; lastKnownFileType = sourcecode.swift; path = FeaturedApp.swift; sourceTree = "<group>"; };
		81EC00721DAD79A8009EEFFA /* FeaturedBook.swift */ = {isa = PBXFileReference; fileEncoding = 4; lastKnownFileType = sourcecode.swift; path = FeaturedBook.swift; sourceTree = "<group>"; };
		81EC00741DAD89AF009EEFFA /* Dummy.swift */ = {isa = PBXFileReference; fileEncoding = 4; lastKnownFileType = sourcecode.swift; path = Dummy.swift; sourceTree = "<group>"; };
		81EC00761DAD89D7009EEFFA /* Banner.swift */ = {isa = PBXFileReference; fileEncoding = 4; lastKnownFileType = sourcecode.swift; path = Banner.swift; sourceTree = "<group>"; };
		81EC00781DAD8B5A009EEFFA /* Copyright.swift */ = {isa = PBXFileReference; fileEncoding = 4; lastKnownFileType = sourcecode.swift; path = Copyright.swift; sourceTree = "<group>"; };
		81EC007A1DAD92A2009EEFFA /* Generics.swift */ = {isa = PBXFileReference; fileEncoding = 4; lastKnownFileType = sourcecode.swift; path = Generics.swift; sourceTree = "<group>"; };
		81EC007E1DAE6680009EEFFA /* Items.swift */ = {isa = PBXFileReference; fileEncoding = 4; lastKnownFileType = sourcecode.swift; path = Items.swift; sourceTree = "<group>"; };
		81EC00881DAE88D3009EEFFA /* App.swift */ = {isa = PBXFileReference; fileEncoding = 4; lastKnownFileType = sourcecode.swift; path = App.swift; sourceTree = "<group>"; };
		81EC008A1DAE8D1A009EEFFA /* CydiaApp.swift */ = {isa = PBXFileReference; fileEncoding = 4; lastKnownFileType = sourcecode.swift; path = CydiaApp.swift; sourceTree = "<group>"; };
		81EC008C1DAE8F1F009EEFFA /* Book.swift */ = {isa = PBXFileReference; fileEncoding = 4; lastKnownFileType = sourcecode.swift; path = Book.swift; sourceTree = "<group>"; };
		81EC008E1DB11E9A009EEFFA /* Networking.swift */ = {isa = PBXFileReference; fileEncoding = 4; lastKnownFileType = sourcecode.swift; path = Networking.swift; sourceTree = "<group>"; };
/* End PBXFileReference section */

/* Begin PBXFrameworksBuildPhase section */
		8167A60C1DAC246000F96AC2 /* Frameworks */ = {
			isa = PBXFrameworksBuildPhase;
			buildActionMask = 2147483647;
			files = (
			);
			runOnlyForDeploymentPostprocessing = 0;
		};
/* End PBXFrameworksBuildPhase section */

/* Begin PBXGroup section */
		8167A6061DAC246000F96AC2 = {
			isa = PBXGroup;
			children = (
				8167A6111DAC246000F96AC2 /* appdb */,
				8167A6101DAC246000F96AC2 /* Products */,
				81AB37A31DAC2ED7003A586F /* Frameworks */,
			);
			sourceTree = "<group>";
		};
		8167A6101DAC246000F96AC2 /* Products */ = {
			isa = PBXGroup;
			children = (
				8167A60F1DAC246000F96AC2 /* appdb.app */,
			);
			name = Products;
			sourceTree = "<group>";
		};
		8167A6111DAC246000F96AC2 /* appdb */ = {
			isa = PBXGroup;
			children = (
				81EC00941DB128EA009EEFFA /* Frameworks */,
				81EC00621DAD74D9009EEFFA /* Other */,
				81EC00661DAD76BE009EEFFA /* Startup */,
				81AB37B31DAC31CA003A586F /* Interface */,
				81EC007D1DAE666B009EEFFA /* Models */,
				81EC00631DAD74EC009EEFFA /* FEATURED */,
			);
			path = appdb;
			sourceTree = "<group>";
		};
		81AB37A31DAC2ED7003A586F /* Frameworks */ = {
			isa = PBXGroup;
			children = (
			);
			name = Frameworks;
			sourceTree = "<group>";
		};
		81AB37B31DAC31CA003A586F /* Interface */ = {
			isa = PBXGroup;
			children = (
				81AB37B11DAC3190003A586F /* Main.storyboard */,
				8167A61D1DAC246000F96AC2 /* LaunchScreen.storyboard */,
				81AB37AF1DAC30F3003A586F /* Featured.storyboard */,
			);
			name = Interface;
			sourceTree = "<group>";
		};
		81EC00621DAD74D9009EEFFA /* Other */ = {
			isa = PBXGroup;
			children = (
				8167A61B1DAC246000F96AC2 /* Assets.xcassets */,
				8167A6261DAC24F700F96AC2 /* appdb.entitlements */,
				8167A6201DAC246000F96AC2 /* Info.plist */,
			);
			name = Other;
			sourceTree = "<group>";
		};
		81EC00631DAD74EC009EEFFA /* FEATURED */ = {
			isa = PBXGroup;
			children = (
				81EC00641DAD7514009EEFFA /* Featured.swift */,
				81EC007A1DAD92A2009EEFFA /* Generics.swift */,
				81EC008E1DB11E9A009EEFFA /* Networking.swift */,
				81EC007C1DAD92BE009EEFFA /* Cells */,
			);
			name = FEATURED;
			sourceTree = "<group>";
		};
		81EC00661DAD76BE009EEFFA /* Startup */ = {
			isa = PBXGroup;
			children = (
				81AB37AD1DAC30BD003A586F /* TabBarController.swift */,
				8167A6121DAC246000F96AC2 /* AppDelegate.swift */,
				81EC006B1DAD7728009EEFFA /* Initializers.swift */,
				81EC00671DAD76EC009EEFFA /* Extensions.swift */,
				81EC00691DAD7704009EEFFA /* Colors.swift */,
			);
			name = Startup;
			sourceTree = "<group>";
		};
		81EC006F1DAD7959009EEFFA /* CollectionView Cells */ = {
			isa = PBXGroup;
			children = (
				81EC00701DAD7979009EEFFA /* FeaturedApp.swift */,
				81EC00721DAD79A8009EEFFA /* FeaturedBook.swift */,
			);
			name = "CollectionView Cells";
			sourceTree = "<group>";
		};
		81EC007C1DAD92BE009EEFFA /* Cells */ = {
			isa = PBXGroup;
			children = (
				81EC006D1DAD7915009EEFFA /* ItemCollection.swift */,
				81EC00741DAD89AF009EEFFA /* Dummy.swift */,
				81EC00761DAD89D7009EEFFA /* Banner.swift */,
				81EC00781DAD8B5A009EEFFA /* Copyright.swift */,
				81EC006F1DAD7959009EEFFA /* CollectionView Cells */,
			);
			name = Cells;
			sourceTree = "<group>";
		};
		81EC007D1DAE666B009EEFFA /* Models */ = {
			isa = PBXGroup;
			children = (
				81EC007E1DAE6680009EEFFA /* Items.swift */,
				81EC00881DAE88D3009EEFFA /* App.swift */,
				81EC008A1DAE8D1A009EEFFA /* CydiaApp.swift */,
				81EC008C1DAE8F1F009EEFFA /* Book.swift */,
			);
			name = Models;
			sourceTree = "<group>";
		};
		81EC00941DB128EA009EEFFA /* Frameworks */ = {
			isa = PBXGroup;
			children = (
				81196F931DB12F9F00FA1317 /* Alamofire.framework */,
				81196F941DB12F9F00FA1317 /* Cartography.framework */,
				81196F951DB12F9F00FA1317 /* Log.framework */,
				81196F961DB12F9F00FA1317 /* ObjectMapper.framework */,
				81196F971DB12F9F00FA1317 /* Realm.framework */,
				81196F981DB12F9F00FA1317 /* RealmSwift.framework */,
			);
			name = Frameworks;
			sourceTree = "<group>";
		};
/* End PBXGroup section */

/* Begin PBXNativeTarget section */
		8167A60E1DAC246000F96AC2 /* appdb */ = {
			isa = PBXNativeTarget;
			buildConfigurationList = 8167A6231DAC246000F96AC2 /* Build configuration list for PBXNativeTarget "appdb" */;
			buildPhases = (
				8167A60B1DAC246000F96AC2 /* Sources */,
				8167A60C1DAC246000F96AC2 /* Frameworks */,
				8167A60D1DAC246000F96AC2 /* Resources */,
			);
			buildRules = (
			);
			dependencies = (
			);
			name = appdb;
			productName = appdb;
			productReference = 8167A60F1DAC246000F96AC2 /* appdb.app */;
			productType = "com.apple.product-type.application";
		};
/* End PBXNativeTarget section */

/* Begin PBXProject section */
		8167A6071DAC246000F96AC2 /* Project object */ = {
			isa = PBXProject;
			attributes = {
				LastSwiftUpdateCheck = 0800;
				LastUpgradeCheck = 0800;
				ORGANIZATIONNAME = ned;
				TargetAttributes = {
					8167A60E1DAC246000F96AC2 = {
						CreatedOnToolsVersion = 8.0;
						ProvisioningStyle = Manual;
						SystemCapabilities = {
							com.apple.Keychain = {
								enabled = 0;
							};
						};
					};
				};
			};
			buildConfigurationList = 8167A60A1DAC246000F96AC2 /* Build configuration list for PBXProject "appdb" */;
			compatibilityVersion = "Xcode 3.2";
			developmentRegion = English;
			hasScannedForEncodings = 0;
			knownRegions = (
				en,
				Base,
			);
			mainGroup = 8167A6061DAC246000F96AC2;
			productRefGroup = 8167A6101DAC246000F96AC2 /* Products */;
			projectDirPath = "";
			projectRoot = "";
			targets = (
				8167A60E1DAC246000F96AC2 /* appdb */,
			);
		};
/* End PBXProject section */

/* Begin PBXResourcesBuildPhase section */
		8167A60D1DAC246000F96AC2 /* Resources */ = {
			isa = PBXResourcesBuildPhase;
			buildActionMask = 2147483647;
			files = (
				81AB37B01DAC30F3003A586F /* Featured.storyboard in Resources */,
				8167A61F1DAC246000F96AC2 /* LaunchScreen.storyboard in Resources */,
				8167A61C1DAC246000F96AC2 /* Assets.xcassets in Resources */,
				81AB37B21DAC3190003A586F /* Main.storyboard in Resources */,
			);
			runOnlyForDeploymentPostprocessing = 0;
		};
/* End PBXResourcesBuildPhase section */

/* Begin PBXSourcesBuildPhase section */
		8167A60B1DAC246000F96AC2 /* Sources */ = {
			isa = PBXSourcesBuildPhase;
			buildActionMask = 2147483647;
			files = (
				81EC00651DAD7514009EEFFA /* Featured.swift in Sources */,
				81EC006A1DAD7704009EEFFA /* Colors.swift in Sources */,
				81EC00751DAD89AF009EEFFA /* Dummy.swift in Sources */,
				81EC008F1DB11E9A009EEFFA /* Networking.swift in Sources */,
				81EC00891DAE88D3009EEFFA /* App.swift in Sources */,
				81EC008B1DAE8D1A009EEFFA /* CydiaApp.swift in Sources */,
				81EC006C1DAD7728009EEFFA /* Initializers.swift in Sources */,
				81EC007F1DAE6680009EEFFA /* Items.swift in Sources */,
				81EC00771DAD89D7009EEFFA /* Banner.swift in Sources */,
				81EC007B1DAD92A2009EEFFA /* Generics.swift in Sources */,
				8167A6131DAC246000F96AC2 /* AppDelegate.swift in Sources */,
				81AB37AE1DAC30BD003A586F /* TabBarController.swift in Sources */,
				81EC00791DAD8B5A009EEFFA /* Copyright.swift in Sources */,
				81EC00711DAD7979009EEFFA /* FeaturedApp.swift in Sources */,
				81EC00731DAD79A8009EEFFA /* FeaturedBook.swift in Sources */,
				81EC00681DAD76EC009EEFFA /* Extensions.swift in Sources */,
				81EC006E1DAD7915009EEFFA /* ItemCollection.swift in Sources */,
				81EC008D1DAE8F1F009EEFFA /* Book.swift in Sources */,
			);
			runOnlyForDeploymentPostprocessing = 0;
		};
/* End PBXSourcesBuildPhase section */

/* Begin PBXVariantGroup section */
		8167A61D1DAC246000F96AC2 /* LaunchScreen.storyboard */ = {
			isa = PBXVariantGroup;
			children = (
				8167A61E1DAC246000F96AC2 /* Base */,
			);
			name = LaunchScreen.storyboard;
			sourceTree = "<group>";
		};
/* End PBXVariantGroup section */

/* Begin XCBuildConfiguration section */
		8167A6211DAC246000F96AC2 /* Debug */ = {
			isa = XCBuildConfiguration;
			buildSettings = {
				ALWAYS_SEARCH_USER_PATHS = NO;
				CLANG_ANALYZER_NONNULL = YES;
				CLANG_CXX_LANGUAGE_STANDARD = "gnu++0x";
				CLANG_CXX_LIBRARY = "libc++";
				CLANG_ENABLE_MODULES = YES;
				CLANG_ENABLE_OBJC_ARC = YES;
				CLANG_WARN_BOOL_CONVERSION = YES;
				CLANG_WARN_CONSTANT_CONVERSION = YES;
				CLANG_WARN_DIRECT_OBJC_ISA_USAGE = YES_ERROR;
				CLANG_WARN_DOCUMENTATION_COMMENTS = YES;
				CLANG_WARN_EMPTY_BODY = YES;
				CLANG_WARN_ENUM_CONVERSION = YES;
				CLANG_WARN_INFINITE_RECURSION = YES;
				CLANG_WARN_INT_CONVERSION = YES;
				CLANG_WARN_OBJC_ROOT_CLASS = YES_ERROR;
				CLANG_WARN_SUSPICIOUS_MOVES = YES;
				CLANG_WARN_UNREACHABLE_CODE = YES;
				CLANG_WARN__DUPLICATE_METHOD_MATCH = YES;
				"CODE_SIGN_IDENTITY[sdk=iphoneos*]" = "iPhone Developer";
				COPY_PHASE_STRIP = NO;
				DEBUG_INFORMATION_FORMAT = dwarf;
				ENABLE_STRICT_OBJC_MSGSEND = YES;
				ENABLE_TESTABILITY = YES;
				GCC_C_LANGUAGE_STANDARD = gnu99;
				GCC_DYNAMIC_NO_PIC = NO;
				GCC_NO_COMMON_BLOCKS = YES;
				GCC_OPTIMIZATION_LEVEL = 0;
				GCC_PREPROCESSOR_DEFINITIONS = (
					"DEBUG=1",
					"$(inherited)",
				);
				GCC_WARN_64_TO_32_BIT_CONVERSION = YES;
				GCC_WARN_ABOUT_RETURN_TYPE = YES_ERROR;
				GCC_WARN_UNDECLARED_SELECTOR = YES;
				GCC_WARN_UNINITIALIZED_AUTOS = YES_AGGRESSIVE;
				GCC_WARN_UNUSED_FUNCTION = YES;
				GCC_WARN_UNUSED_VARIABLE = YES;
				IPHONEOS_DEPLOYMENT_TARGET = 10.0;
				MTL_ENABLE_DEBUG_INFO = YES;
				ONLY_ACTIVE_ARCH = YES;
				SDKROOT = iphoneos;
				SWIFT_ACTIVE_COMPILATION_CONDITIONS = DEBUG;
				SWIFT_OPTIMIZATION_LEVEL = "-Onone";
				TARGETED_DEVICE_FAMILY = "1,2";
			};
			name = Debug;
		};
		8167A6221DAC246000F96AC2 /* Release */ = {
			isa = XCBuildConfiguration;
			buildSettings = {
				ALWAYS_SEARCH_USER_PATHS = NO;
				CLANG_ANALYZER_NONNULL = YES;
				CLANG_CXX_LANGUAGE_STANDARD = "gnu++0x";
				CLANG_CXX_LIBRARY = "libc++";
				CLANG_ENABLE_MODULES = YES;
				CLANG_ENABLE_OBJC_ARC = YES;
				CLANG_WARN_BOOL_CONVERSION = YES;
				CLANG_WARN_CONSTANT_CONVERSION = YES;
				CLANG_WARN_DIRECT_OBJC_ISA_USAGE = YES_ERROR;
				CLANG_WARN_DOCUMENTATION_COMMENTS = YES;
				CLANG_WARN_EMPTY_BODY = YES;
				CLANG_WARN_ENUM_CONVERSION = YES;
				CLANG_WARN_INFINITE_RECURSION = YES;
				CLANG_WARN_INT_CONVERSION = YES;
				CLANG_WARN_OBJC_ROOT_CLASS = YES_ERROR;
				CLANG_WARN_SUSPICIOUS_MOVES = YES;
				CLANG_WARN_UNREACHABLE_CODE = YES;
				CLANG_WARN__DUPLICATE_METHOD_MATCH = YES;
				"CODE_SIGN_IDENTITY[sdk=iphoneos*]" = "iPhone Developer";
				COPY_PHASE_STRIP = NO;
				DEBUG_INFORMATION_FORMAT = "dwarf-with-dsym";
				ENABLE_NS_ASSERTIONS = NO;
				ENABLE_STRICT_OBJC_MSGSEND = YES;
				GCC_C_LANGUAGE_STANDARD = gnu99;
				GCC_NO_COMMON_BLOCKS = YES;
				GCC_WARN_64_TO_32_BIT_CONVERSION = YES;
				GCC_WARN_ABOUT_RETURN_TYPE = YES_ERROR;
				GCC_WARN_UNDECLARED_SELECTOR = YES;
				GCC_WARN_UNINITIALIZED_AUTOS = YES_AGGRESSIVE;
				GCC_WARN_UNUSED_FUNCTION = YES;
				GCC_WARN_UNUSED_VARIABLE = YES;
				IPHONEOS_DEPLOYMENT_TARGET = 10.0;
				MTL_ENABLE_DEBUG_INFO = NO;
				SDKROOT = iphoneos;
				SWIFT_OPTIMIZATION_LEVEL = "-Owholemodule";
				TARGETED_DEVICE_FAMILY = "1,2";
				VALIDATE_PRODUCT = YES;
			};
			name = Release;
		};
		8167A6241DAC246000F96AC2 /* Debug */ = {
			isa = XCBuildConfiguration;
			buildSettings = {
				ASSETCATALOG_COMPILER_APPICON_NAME = AppIcon;
				CODE_SIGN_ENTITLEMENTS = appdb/appdb.entitlements;
				CODE_SIGN_IDENTITY = "-";
				"CODE_SIGN_IDENTITY[sdk=iphoneos*]" = "-";
				DEVELOPMENT_TEAM = "";
				FRAMEWORK_SEARCH_PATHS = (
					"$(inherited)",
					"$(PROJECT_DIR)/appdb",
				);
				INFOPLIST_FILE = appdb/Info.plist;
				IPHONEOS_DEPLOYMENT_TARGET = 8.0;
				LD_RUNPATH_SEARCH_PATHS = "$(inherited) @executable_path/Frameworks";
				PRODUCT_BUNDLE_IDENTIFIER = it.ned.appdb;
				PRODUCT_NAME = "$(TARGET_NAME)";
				SWIFT_VERSION = 3.0;
			};
			name = Debug;
		};
		8167A6251DAC246000F96AC2 /* Release */ = {
			isa = XCBuildConfiguration;
			buildSettings = {
				ASSETCATALOG_COMPILER_APPICON_NAME = AppIcon;
				CODE_SIGN_ENTITLEMENTS = appdb/appdb.entitlements;
				CODE_SIGN_IDENTITY = "-";
				"CODE_SIGN_IDENTITY[sdk=iphoneos*]" = "-";
				DEVELOPMENT_TEAM = "";
				FRAMEWORK_SEARCH_PATHS = (
					"$(inherited)",
					"$(PROJECT_DIR)/appdb",
				);
				INFOPLIST_FILE = appdb/Info.plist;
				IPHONEOS_DEPLOYMENT_TARGET = 8.0;
				LD_RUNPATH_SEARCH_PATHS = "$(inherited) @executable_path/Frameworks";
				PRODUCT_BUNDLE_IDENTIFIER = it.ned.appdb;
				PRODUCT_NAME = "$(TARGET_NAME)";
				SWIFT_VERSION = 3.0;
			};
			name = Release;
		};
/* End XCBuildConfiguration section */

/* Begin XCConfigurationList section */
		8167A60A1DAC246000F96AC2 /* Build configuration list for PBXProject "appdb" */ = {
			isa = XCConfigurationList;
			buildConfigurations = (
				8167A6211DAC246000F96AC2 /* Debug */,
				8167A6221DAC246000F96AC2 /* Release */,
			);
			defaultConfigurationIsVisible = 0;
			defaultConfigurationName = Release;
		};
		8167A6231DAC246000F96AC2 /* Build configuration list for PBXNativeTarget "appdb" */ = {
			isa = XCConfigurationList;
			buildConfigurations = (
				8167A6241DAC246000F96AC2 /* Debug */,
				8167A6251DAC246000F96AC2 /* Release */,
			);
			defaultConfigurationIsVisible = 0;
			defaultConfigurationName = Release;
		};
/* End XCConfigurationList section */
	};
	rootObject = 8167A6071DAC246000F96AC2 /* Project object */;
}
