// !$*UTF8*$!
{
	archiveVersion = 1;
	classes = {
	};
	objectVersion = 46;
	objects = {

/* Begin PBXBuildFile section */
		81211D541E393EB500981A3F /* AlamofireNetworkActivityIndicator.framework in Frameworks */ = {isa = PBXBuildFile; fileRef = 8188E8EE1DB2AD4B00462256 /* AlamofireNetworkActivityIndicator.framework */; };
		81211D551E393EB800981A3F /* Bond.framework in Frameworks */ = {isa = PBXBuildFile; fileRef = 8188E8F61DB3B9E000462256 /* Bond.framework */; };
		81211D561E393EBD00981A3F /* Cartography.framework in Frameworks */ = {isa = PBXBuildFile; fileRef = 8188E8D81DB198B800462256 /* Cartography.framework */; };
		81211D571E393EC200981A3F /* Dwifft.framework in Frameworks */ = {isa = PBXBuildFile; fileRef = 81C0727C1DB78BB4007266A9 /* Dwifft.framework */; };
		81211D591E393ECC00981A3F /* ObjectMapper.framework in Frameworks */ = {isa = PBXBuildFile; fileRef = 8188E8DA1DB198B800462256 /* ObjectMapper.framework */; };
		81211D5A1E393ECE00981A3F /* ReactiveKit.framework in Frameworks */ = {isa = PBXBuildFile; fileRef = 8188E8F21DB3B66700462256 /* ReactiveKit.framework */; };
		81211D5C1E393ED600981A3F /* Realm.framework in Frameworks */ = {isa = PBXBuildFile; fileRef = 8188E8DB1DB198B800462256 /* Realm.framework */; };
		81211D5D1E393ED800981A3F /* RealmSwift.framework in Frameworks */ = {isa = PBXBuildFile; fileRef = 8188E8DC1DB198B800462256 /* RealmSwift.framework */; };
		81211D5E1E393EDB00981A3F /* SwiftyJSON.framework in Frameworks */ = {isa = PBXBuildFile; fileRef = 8188E8E91DB23B6E00462256 /* SwiftyJSON.framework */; };
		81211D5F1E393F0200981A3F /* Alamofire.framework in Frameworks */ = {isa = PBXBuildFile; fileRef = 8188E8D71DB198B800462256 /* Alamofire.framework */; };
		81211D601E393F0300981A3F /* AlamofireImage.framework in Frameworks */ = {isa = PBXBuildFile; fileRef = 8188E8ED1DB2AD4B00462256 /* AlamofireImage.framework */; };
		81236AC91E3B6899009748E0 /* ButtonFactory.swift in Sources */ = {isa = PBXBuildFile; fileRef = 81236AC81E3B6899009748E0 /* ButtonFactory.swift */; };
		81236ACC1E3B8A56009748E0 /* PaddingLabel.swift in Sources */ = {isa = PBXBuildFile; fileRef = 81236ACB1E3B8A56009748E0 /* PaddingLabel.swift */; };
		812EEF2C1E40DEC200B40474 /* FullScreenSlideshowViewController.swift in Sources */ = {isa = PBXBuildFile; fileRef = 812EEF251E40DEC200B40474 /* FullScreenSlideshowViewController.swift */; };
		812EEF2D1E40DEC200B40474 /* ImageSlideshow.swift in Sources */ = {isa = PBXBuildFile; fileRef = 812EEF261E40DEC200B40474 /* ImageSlideshow.swift */; };
		812EEF2E1E40DEC200B40474 /* ImageSlideshowItem.swift in Sources */ = {isa = PBXBuildFile; fileRef = 812EEF271E40DEC200B40474 /* ImageSlideshowItem.swift */; };
		812EEF2F1E40DEC200B40474 /* InputSource.swift in Sources */ = {isa = PBXBuildFile; fileRef = 812EEF281E40DEC200B40474 /* InputSource.swift */; };
		812EEF301E40DEC200B40474 /* UIImage+AspectFit.swift in Sources */ = {isa = PBXBuildFile; fileRef = 812EEF291E40DEC200B40474 /* UIImage+AspectFit.swift */; };
		812EEF311E40DEC200B40474 /* UIImageView+Tools.swift in Sources */ = {isa = PBXBuildFile; fileRef = 812EEF2A1E40DEC200B40474 /* UIImageView+Tools.swift */; };
		812EEF321E40DEC200B40474 /* ZoomAnimatedTransitioning.swift in Sources */ = {isa = PBXBuildFile; fileRef = 812EEF2B1E40DEC200B40474 /* ZoomAnimatedTransitioning.swift */; };
		8167A6131DAC246000F96AC2 /* AppDelegate.swift in Sources */ = {isa = PBXBuildFile; fileRef = 8167A6121DAC246000F96AC2 /* AppDelegate.swift */; };
		8167A61C1DAC246000F96AC2 /* Assets.xcassets in Resources */ = {isa = PBXBuildFile; fileRef = 8167A61B1DAC246000F96AC2 /* Assets.xcassets */; };
		8167A61F1DAC246000F96AC2 /* LaunchScreen.storyboard in Resources */ = {isa = PBXBuildFile; fileRef = 8167A61D1DAC246000F96AC2 /* LaunchScreen.storyboard */; };
		816CEED91DBCE8A2002CFF6E /* Categories.swift in Sources */ = {isa = PBXBuildFile; fileRef = 816CEED81DBCE8A2002CFF6E /* Categories.swift */; };
		816CEEDB1DBD00E5002CFF6E /* CategoryCell.swift in Sources */ = {isa = PBXBuildFile; fileRef = 816CEEDA1DBD00E5002CFF6E /* CategoryCell.swift */; };
		8180EE631E26D75E001C04B5 /* API+Search.swift in Sources */ = {isa = PBXBuildFile; fileRef = 8180EE621E26D75E001C04B5 /* API+Search.swift */; };
		8180EE651E26D7B7001C04B5 /* API+Genres.swift in Sources */ = {isa = PBXBuildFile; fileRef = 8180EE641E26D7B7001C04B5 /* API+Genres.swift */; };
		8187B4ED1E3A789000F251CD /* API+Promotions.swift in Sources */ = {isa = PBXBuildFile; fileRef = 8187B4EC1E3A789000F251CD /* API+Promotions.swift */; };
		8187B4EF1E3A795800F251CD /* Promotion.swift in Sources */ = {isa = PBXBuildFile; fileRef = 8187B4EE1E3A795800F251CD /* Promotion.swift */; };
		8188E8E61DB1997100462256 /* AlamofireObjectMapper.swift in Sources */ = {isa = PBXBuildFile; fileRef = 8188E8E41DB1997100462256 /* AlamofireObjectMapper.swift */; };
		8188E8EC1DB25F6B00462256 /* API.swift in Sources */ = {isa = PBXBuildFile; fileRef = 8188E8EB1DB25F6B00462256 /* API.swift */; };
		81939B471E3BA98D00179615 /* Themes.swift in Sources */ = {isa = PBXBuildFile; fileRef = 81939B461E3BA98D00179615 /* Themes.swift */; };
		81939B4B1E3BAA9A00179615 /* Preferences.swift in Sources */ = {isa = PBXBuildFile; fileRef = 81939B4A1E3BAA9A00179615 /* Preferences.swift */; };
		819EC2CA1E40FF4400BA7A50 /* Localize.swift in Sources */ = {isa = PBXBuildFile; fileRef = 819EC2C61E40FF4400BA7A50 /* Localize.swift */; };
		819EC2CB1E40FF4400BA7A50 /* String+LocalizeBundle.swift in Sources */ = {isa = PBXBuildFile; fileRef = 819EC2C71E40FF4400BA7A50 /* String+LocalizeBundle.swift */; };
		819EC2CC1E40FF4400BA7A50 /* String+LocalizedBundleTableName.swift in Sources */ = {isa = PBXBuildFile; fileRef = 819EC2C81E40FF4400BA7A50 /* String+LocalizedBundleTableName.swift */; };
		819EC2CD1E40FF4400BA7A50 /* String+LocalizeTableName.swift in Sources */ = {isa = PBXBuildFile; fileRef = 819EC2C91E40FF4400BA7A50 /* String+LocalizeTableName.swift */; };
		819EC2D01E41013D00BA7A50 /* Localizable.strings in Resources */ = {isa = PBXBuildFile; fileRef = 819EC2D21E41013D00BA7A50 /* Localizable.strings */; };
		81A065851E394D5E00398102 /* Diff.framework in Frameworks */ = {isa = PBXBuildFile; fileRef = 81A065841E394D5E00398102 /* Diff.framework */; };
		81AB37AE1DAC30BD003A586F /* TabBarController.swift in Sources */ = {isa = PBXBuildFile; fileRef = 81AB37AD1DAC30BD003A586F /* TabBarController.swift */; };
		81B6F6B41E212CC1000AD47C /* AlamofireSource.swift in Sources */ = {isa = PBXBuildFile; fileRef = 81B6F6B31E212CC1000AD47C /* AlamofireSource.swift */; };
		81BA82511E3CA80500FCC4C0 /* NSObject+Theme.swift in Sources */ = {isa = PBXBuildFile; fileRef = 81BA823F1E3CA80500FCC4C0 /* NSObject+Theme.swift */; };
		81BA82521E3CA80500FCC4C0 /* ThemeActivityIndicatorViewStylePicker.swift in Sources */ = {isa = PBXBuildFile; fileRef = 81BA82401E3CA80500FCC4C0 /* ThemeActivityIndicatorViewStylePicker.swift */; };
		81BA82531E3CA80500FCC4C0 /* ThemeBarStylePicker.swift in Sources */ = {isa = PBXBuildFile; fileRef = 81BA82411E3CA80500FCC4C0 /* ThemeBarStylePicker.swift */; };
		81BA82541E3CA80500FCC4C0 /* ThemeCGColorPicker.swift in Sources */ = {isa = PBXBuildFile; fileRef = 81BA82421E3CA80500FCC4C0 /* ThemeCGColorPicker.swift */; };
		81BA82551E3CA80500FCC4C0 /* ThemeCGFloatPicker.swift in Sources */ = {isa = PBXBuildFile; fileRef = 81BA82431E3CA80500FCC4C0 /* ThemeCGFloatPicker.swift */; };
		81BA82561E3CA80500FCC4C0 /* ThemeColorPicker.swift in Sources */ = {isa = PBXBuildFile; fileRef = 81BA82441E3CA80500FCC4C0 /* ThemeColorPicker.swift */; };
		81BA82571E3CA80500FCC4C0 /* ThemeDictionaryPicker.swift in Sources */ = {isa = PBXBuildFile; fileRef = 81BA82451E3CA80500FCC4C0 /* ThemeDictionaryPicker.swift */; };
		81BA82581E3CA80500FCC4C0 /* ThemeFontPicker.swift in Sources */ = {isa = PBXBuildFile; fileRef = 81BA82461E3CA80500FCC4C0 /* ThemeFontPicker.swift */; };
		81BA82591E3CA80500FCC4C0 /* ThemeImagePicker.swift in Sources */ = {isa = PBXBuildFile; fileRef = 81BA82471E3CA80500FCC4C0 /* ThemeImagePicker.swift */; };
		81BA825A1E3CA80500FCC4C0 /* ThemeManager.swift in Sources */ = {isa = PBXBuildFile; fileRef = 81BA82481E3CA80500FCC4C0 /* ThemeManager.swift */; };
		81BA825B1E3CA80500FCC4C0 /* ThemeManager+Index.swift in Sources */ = {isa = PBXBuildFile; fileRef = 81BA82491E3CA80500FCC4C0 /* ThemeManager+Index.swift */; };
		81BA825C1E3CA80500FCC4C0 /* ThemeManager+OC.swift in Sources */ = {isa = PBXBuildFile; fileRef = 81BA824A1E3CA80500FCC4C0 /* ThemeManager+OC.swift */; };
		81BA825D1E3CA80500FCC4C0 /* ThemeManager+Plist.swift in Sources */ = {isa = PBXBuildFile; fileRef = 81BA824B1E3CA80500FCC4C0 /* ThemeManager+Plist.swift */; };
		81BA825E1E3CA80500FCC4C0 /* ThemePicker.swift in Sources */ = {isa = PBXBuildFile; fileRef = 81BA824C1E3CA80500FCC4C0 /* ThemePicker.swift */; };
		81BA825F1E3CA80500FCC4C0 /* ThemeStatePicker.swift in Sources */ = {isa = PBXBuildFile; fileRef = 81BA824D1E3CA80500FCC4C0 /* ThemeStatePicker.swift */; };
		81BA82601E3CA80500FCC4C0 /* ThemeStatusBarStylePicker.swift in Sources */ = {isa = PBXBuildFile; fileRef = 81BA824E1E3CA80500FCC4C0 /* ThemeStatusBarStylePicker.swift */; };
		81BA82611E3CA80500FCC4C0 /* UIColorExtension.swift in Sources */ = {isa = PBXBuildFile; fileRef = 81BA824F1E3CA80500FCC4C0 /* UIColorExtension.swift */; };
		81BA82621E3CA80500FCC4C0 /* UIKit+Theme.swift in Sources */ = {isa = PBXBuildFile; fileRef = 81BA82501E3CA80500FCC4C0 /* UIKit+Theme.swift */; };
		81E7CBFB1E1FC0F2004AF156 /* LoadingTableView.swift in Sources */ = {isa = PBXBuildFile; fileRef = 81E7CBFA1E1FC0F2004AF156 /* LoadingTableView.swift */; };
		81EC00651DAD7514009EEFFA /* Featured.swift in Sources */ = {isa = PBXBuildFile; fileRef = 81EC00641DAD7514009EEFFA /* Featured.swift */; };
		81EC00681DAD76EC009EEFFA /* Extensions.swift in Sources */ = {isa = PBXBuildFile; fileRef = 81EC00671DAD76EC009EEFFA /* Extensions.swift */; };
		81EC006A1DAD7704009EEFFA /* Colors.swift in Sources */ = {isa = PBXBuildFile; fileRef = 81EC00691DAD7704009EEFFA /* Colors.swift */; };
		81EC006C1DAD7728009EEFFA /* Initializers.swift in Sources */ = {isa = PBXBuildFile; fileRef = 81EC006B1DAD7728009EEFFA /* Initializers.swift */; };
		81EC006E1DAD7915009EEFFA /* ItemCollection.swift in Sources */ = {isa = PBXBuildFile; fileRef = 81EC006D1DAD7915009EEFFA /* ItemCollection.swift */; };
		81EC00711DAD7979009EEFFA /* FeaturedApp.swift in Sources */ = {isa = PBXBuildFile; fileRef = 81EC00701DAD7979009EEFFA /* FeaturedApp.swift */; };
		81EC00731DAD79A8009EEFFA /* FeaturedBook.swift in Sources */ = {isa = PBXBuildFile; fileRef = 81EC00721DAD79A8009EEFFA /* FeaturedBook.swift */; };
		81EC00751DAD89AF009EEFFA /* Dummy.swift in Sources */ = {isa = PBXBuildFile; fileRef = 81EC00741DAD89AF009EEFFA /* Dummy.swift */; };
		81EC00771DAD89D7009EEFFA /* Banner.swift in Sources */ = {isa = PBXBuildFile; fileRef = 81EC00761DAD89D7009EEFFA /* Banner.swift */; };
		81EC00791DAD8B5A009EEFFA /* Copyright.swift in Sources */ = {isa = PBXBuildFile; fileRef = 81EC00781DAD8B5A009EEFFA /* Copyright.swift */; };
		81EC007B1DAD92A2009EEFFA /* Featured+Extension.swift in Sources */ = {isa = PBXBuildFile; fileRef = 81EC007A1DAD92A2009EEFFA /* Featured+Extension.swift */; };
		81EC007F1DAE6680009EEFFA /* Items.swift in Sources */ = {isa = PBXBuildFile; fileRef = 81EC007E1DAE6680009EEFFA /* Items.swift */; };
		81EC00891DAE88D3009EEFFA /* App.swift in Sources */ = {isa = PBXBuildFile; fileRef = 81EC00881DAE88D3009EEFFA /* App.swift */; };
		81EC008B1DAE8D1A009EEFFA /* CydiaApp.swift in Sources */ = {isa = PBXBuildFile; fileRef = 81EC008A1DAE8D1A009EEFFA /* CydiaApp.swift */; };
		81EC008D1DAE8F1F009EEFFA /* Book.swift in Sources */ = {isa = PBXBuildFile; fileRef = 81EC008C1DAE8F1F009EEFFA /* Book.swift */; };
		81F3D6581E1310BA003CD808 /* ILTranslucentView.swift in Sources */ = {isa = PBXBuildFile; fileRef = 81F3D6571E1310BA003CD808 /* ILTranslucentView.swift */; };
/* End PBXBuildFile section */

/* Begin PBXFileReference section */
		81236AC81E3B6899009748E0 /* ButtonFactory.swift */ = {isa = PBXFileReference; fileEncoding = 4; lastKnownFileType = sourcecode.swift; path = ButtonFactory.swift; sourceTree = "<group>"; };
		81236ACB1E3B8A56009748E0 /* PaddingLabel.swift */ = {isa = PBXFileReference; fileEncoding = 4; lastKnownFileType = sourcecode.swift; path = PaddingLabel.swift; sourceTree = "<group>"; };
		812EEF251E40DEC200B40474 /* FullScreenSlideshowViewController.swift */ = {isa = PBXFileReference; fileEncoding = 4; lastKnownFileType = sourcecode.swift; path = FullScreenSlideshowViewController.swift; sourceTree = "<group>"; };
		812EEF261E40DEC200B40474 /* ImageSlideshow.swift */ = {isa = PBXFileReference; fileEncoding = 4; lastKnownFileType = sourcecode.swift; path = ImageSlideshow.swift; sourceTree = "<group>"; };
		812EEF271E40DEC200B40474 /* ImageSlideshowItem.swift */ = {isa = PBXFileReference; fileEncoding = 4; lastKnownFileType = sourcecode.swift; path = ImageSlideshowItem.swift; sourceTree = "<group>"; };
		812EEF281E40DEC200B40474 /* InputSource.swift */ = {isa = PBXFileReference; fileEncoding = 4; lastKnownFileType = sourcecode.swift; path = InputSource.swift; sourceTree = "<group>"; };
		812EEF291E40DEC200B40474 /* UIImage+AspectFit.swift */ = {isa = PBXFileReference; fileEncoding = 4; lastKnownFileType = sourcecode.swift; path = "UIImage+AspectFit.swift"; sourceTree = "<group>"; };
		812EEF2A1E40DEC200B40474 /* UIImageView+Tools.swift */ = {isa = PBXFileReference; fileEncoding = 4; lastKnownFileType = sourcecode.swift; path = "UIImageView+Tools.swift"; sourceTree = "<group>"; };
		812EEF2B1E40DEC200B40474 /* ZoomAnimatedTransitioning.swift */ = {isa = PBXFileReference; fileEncoding = 4; lastKnownFileType = sourcecode.swift; path = ZoomAnimatedTransitioning.swift; sourceTree = "<group>"; };
		8167A60F1DAC246000F96AC2 /* appdb.app */ = {isa = PBXFileReference; explicitFileType = wrapper.application; includeInIndex = 0; path = appdb.app; sourceTree = BUILT_PRODUCTS_DIR; };
		8167A6121DAC246000F96AC2 /* AppDelegate.swift */ = {isa = PBXFileReference; lastKnownFileType = sourcecode.swift; path = AppDelegate.swift; sourceTree = "<group>"; };
		8167A61B1DAC246000F96AC2 /* Assets.xcassets */ = {isa = PBXFileReference; lastKnownFileType = folder.assetcatalog; path = Assets.xcassets; sourceTree = "<group>"; };
		8167A61E1DAC246000F96AC2 /* Base */ = {isa = PBXFileReference; lastKnownFileType = file.storyboard; name = Base; path = Base.lproj/LaunchScreen.storyboard; sourceTree = "<group>"; };
		8167A6201DAC246000F96AC2 /* Info.plist */ = {isa = PBXFileReference; lastKnownFileType = text.plist.xml; path = Info.plist; sourceTree = "<group>"; };
		8167A6261DAC24F700F96AC2 /* appdb.entitlements */ = {isa = PBXFileReference; lastKnownFileType = text.plist.entitlements; path = appdb.entitlements; sourceTree = "<group>"; };
		816CEED81DBCE8A2002CFF6E /* Categories.swift */ = {isa = PBXFileReference; fileEncoding = 4; lastKnownFileType = sourcecode.swift; path = Categories.swift; sourceTree = "<group>"; };
		816CEEDA1DBD00E5002CFF6E /* CategoryCell.swift */ = {isa = PBXFileReference; fileEncoding = 4; lastKnownFileType = sourcecode.swift; path = CategoryCell.swift; sourceTree = "<group>"; };
		8180EE621E26D75E001C04B5 /* API+Search.swift */ = {isa = PBXFileReference; fileEncoding = 4; lastKnownFileType = sourcecode.swift; path = "API+Search.swift"; sourceTree = "<group>"; };
		8180EE641E26D7B7001C04B5 /* API+Genres.swift */ = {isa = PBXFileReference; fileEncoding = 4; lastKnownFileType = sourcecode.swift; path = "API+Genres.swift"; sourceTree = "<group>"; };
		8187B4EC1E3A789000F251CD /* API+Promotions.swift */ = {isa = PBXFileReference; fileEncoding = 4; lastKnownFileType = sourcecode.swift; path = "API+Promotions.swift"; sourceTree = "<group>"; };
		8187B4EE1E3A795800F251CD /* Promotion.swift */ = {isa = PBXFileReference; fileEncoding = 4; lastKnownFileType = sourcecode.swift; path = Promotion.swift; sourceTree = "<group>"; };
		8188E8D71DB198B800462256 /* Alamofire.framework */ = {isa = PBXFileReference; lastKnownFileType = wrapper.framework; name = Alamofire.framework; path = Carthage/Build/iOS/Alamofire.framework; sourceTree = "<group>"; };
		8188E8D81DB198B800462256 /* Cartography.framework */ = {isa = PBXFileReference; lastKnownFileType = wrapper.framework; name = Cartography.framework; path = Carthage/Build/iOS/Cartography.framework; sourceTree = "<group>"; };
		8188E8D91DB198B800462256 /* Log.framework */ = {isa = PBXFileReference; lastKnownFileType = wrapper.framework; name = Log.framework; path = Carthage/Build/iOS/Log.framework; sourceTree = "<group>"; };
		8188E8DA1DB198B800462256 /* ObjectMapper.framework */ = {isa = PBXFileReference; lastKnownFileType = wrapper.framework; name = ObjectMapper.framework; path = Carthage/Build/iOS/ObjectMapper.framework; sourceTree = "<group>"; };
		8188E8DB1DB198B800462256 /* Realm.framework */ = {isa = PBXFileReference; lastKnownFileType = wrapper.framework; name = Realm.framework; path = Carthage/Build/iOS/Realm.framework; sourceTree = "<group>"; };
		8188E8DC1DB198B800462256 /* RealmSwift.framework */ = {isa = PBXFileReference; lastKnownFileType = wrapper.framework; name = RealmSwift.framework; path = Carthage/Build/iOS/RealmSwift.framework; sourceTree = "<group>"; };
		8188E8E41DB1997100462256 /* AlamofireObjectMapper.swift */ = {isa = PBXFileReference; fileEncoding = 4; lastKnownFileType = sourcecode.swift; path = AlamofireObjectMapper.swift; sourceTree = "<group>"; };
		8188E8E91DB23B6E00462256 /* SwiftyJSON.framework */ = {isa = PBXFileReference; lastKnownFileType = wrapper.framework; name = SwiftyJSON.framework; path = Carthage/Build/iOS/SwiftyJSON.framework; sourceTree = "<group>"; };
		8188E8EB1DB25F6B00462256 /* API.swift */ = {isa = PBXFileReference; fileEncoding = 4; lastKnownFileType = sourcecode.swift; path = API.swift; sourceTree = "<group>"; };
		8188E8ED1DB2AD4B00462256 /* AlamofireImage.framework */ = {isa = PBXFileReference; lastKnownFileType = wrapper.framework; name = AlamofireImage.framework; path = Carthage/Build/iOS/AlamofireImage.framework; sourceTree = "<group>"; };
		8188E8EE1DB2AD4B00462256 /* AlamofireNetworkActivityIndicator.framework */ = {isa = PBXFileReference; lastKnownFileType = wrapper.framework; name = AlamofireNetworkActivityIndicator.framework; path = Carthage/Build/iOS/AlamofireNetworkActivityIndicator.framework; sourceTree = "<group>"; };
		8188E8F21DB3B66700462256 /* ReactiveKit.framework */ = {isa = PBXFileReference; lastKnownFileType = wrapper.framework; name = ReactiveKit.framework; path = Carthage/Build/iOS/ReactiveKit.framework; sourceTree = "<group>"; };
		8188E8F31DB3B66700462256 /* ReactiveUIKit.framework */ = {isa = PBXFileReference; lastKnownFileType = wrapper.framework; name = ReactiveUIKit.framework; path = Carthage/Build/iOS/ReactiveUIKit.framework; sourceTree = "<group>"; };
		8188E8F61DB3B9E000462256 /* Bond.framework */ = {isa = PBXFileReference; lastKnownFileType = wrapper.framework; name = Bond.framework; path = Carthage/Build/iOS/Bond.framework; sourceTree = "<group>"; };
		81939B461E3BA98D00179615 /* Themes.swift */ = {isa = PBXFileReference; fileEncoding = 4; lastKnownFileType = sourcecode.swift; path = Themes.swift; sourceTree = "<group>"; };
		81939B4A1E3BAA9A00179615 /* Preferences.swift */ = {isa = PBXFileReference; fileEncoding = 4; lastKnownFileType = sourcecode.swift; path = Preferences.swift; sourceTree = "<group>"; };
		81939B4C1E3BB4DB00179615 /* SwiftTheme.framework */ = {isa = PBXFileReference; lastKnownFileType = wrapper.framework; name = SwiftTheme.framework; path = Carthage/Build/iOS/SwiftTheme.framework; sourceTree = "<group>"; };
		819EC2C61E40FF4400BA7A50 /* Localize.swift */ = {isa = PBXFileReference; fileEncoding = 4; lastKnownFileType = sourcecode.swift; path = Localize.swift; sourceTree = "<group>"; };
		819EC2C71E40FF4400BA7A50 /* String+LocalizeBundle.swift */ = {isa = PBXFileReference; fileEncoding = 4; lastKnownFileType = sourcecode.swift; path = "String+LocalizeBundle.swift"; sourceTree = "<group>"; };
		819EC2C81E40FF4400BA7A50 /* String+LocalizedBundleTableName.swift */ = {isa = PBXFileReference; fileEncoding = 4; lastKnownFileType = sourcecode.swift; path = "String+LocalizedBundleTableName.swift"; sourceTree = "<group>"; };
		819EC2C91E40FF4400BA7A50 /* String+LocalizeTableName.swift */ = {isa = PBXFileReference; fileEncoding = 4; lastKnownFileType = sourcecode.swift; path = "String+LocalizeTableName.swift"; sourceTree = "<group>"; };
		819EC2D11E41013D00BA7A50 /* en */ = {isa = PBXFileReference; lastKnownFileType = text.plist.strings; name = en; path = en.lproj/Localizable.strings; sourceTree = "<group>"; };
		819EC2D31E41016D00BA7A50 /* it */ = {isa = PBXFileReference; lastKnownFileType = text.plist.strings; name = it; path = it.lproj/Localizable.strings; sourceTree = "<group>"; };
		81A065841E394D5E00398102 /* Diff.framework */ = {isa = PBXFileReference; lastKnownFileType = wrapper.framework; name = Diff.framework; path = Carthage/Build/iOS/Diff.framework; sourceTree = "<group>"; };
		81AB37AD1DAC30BD003A586F /* TabBarController.swift */ = {isa = PBXFileReference; fileEncoding = 4; lastKnownFileType = sourcecode.swift; path = TabBarController.swift; sourceTree = "<group>"; };
		81B6F6B01E212B2B000AD47C /* ImageSlideshow.framework */ = {isa = PBXFileReference; lastKnownFileType = wrapper.framework; name = ImageSlideshow.framework; path = Carthage/Build/iOS/ImageSlideshow.framework; sourceTree = "<group>"; };
		81B6F6B31E212CC1000AD47C /* AlamofireSource.swift */ = {isa = PBXFileReference; fileEncoding = 4; lastKnownFileType = sourcecode.swift; path = AlamofireSource.swift; sourceTree = "<group>"; };
		81BA823F1E3CA80500FCC4C0 /* NSObject+Theme.swift */ = {isa = PBXFileReference; fileEncoding = 4; lastKnownFileType = sourcecode.swift; path = "NSObject+Theme.swift"; sourceTree = "<group>"; };
		81BA82401E3CA80500FCC4C0 /* ThemeActivityIndicatorViewStylePicker.swift */ = {isa = PBXFileReference; fileEncoding = 4; lastKnownFileType = sourcecode.swift; path = ThemeActivityIndicatorViewStylePicker.swift; sourceTree = "<group>"; };
		81BA82411E3CA80500FCC4C0 /* ThemeBarStylePicker.swift */ = {isa = PBXFileReference; fileEncoding = 4; lastKnownFileType = sourcecode.swift; path = ThemeBarStylePicker.swift; sourceTree = "<group>"; };
		81BA82421E3CA80500FCC4C0 /* ThemeCGColorPicker.swift */ = {isa = PBXFileReference; fileEncoding = 4; lastKnownFileType = sourcecode.swift; path = ThemeCGColorPicker.swift; sourceTree = "<group>"; };
		81BA82431E3CA80500FCC4C0 /* ThemeCGFloatPicker.swift */ = {isa = PBXFileReference; fileEncoding = 4; lastKnownFileType = sourcecode.swift; path = ThemeCGFloatPicker.swift; sourceTree = "<group>"; };
		81BA82441E3CA80500FCC4C0 /* ThemeColorPicker.swift */ = {isa = PBXFileReference; fileEncoding = 4; lastKnownFileType = sourcecode.swift; path = ThemeColorPicker.swift; sourceTree = "<group>"; };
		81BA82451E3CA80500FCC4C0 /* ThemeDictionaryPicker.swift */ = {isa = PBXFileReference; fileEncoding = 4; lastKnownFileType = sourcecode.swift; path = ThemeDictionaryPicker.swift; sourceTree = "<group>"; };
		81BA82461E3CA80500FCC4C0 /* ThemeFontPicker.swift */ = {isa = PBXFileReference; fileEncoding = 4; lastKnownFileType = sourcecode.swift; path = ThemeFontPicker.swift; sourceTree = "<group>"; };
		81BA82471E3CA80500FCC4C0 /* ThemeImagePicker.swift */ = {isa = PBXFileReference; fileEncoding = 4; lastKnownFileType = sourcecode.swift; path = ThemeImagePicker.swift; sourceTree = "<group>"; };
		81BA82481E3CA80500FCC4C0 /* ThemeManager.swift */ = {isa = PBXFileReference; fileEncoding = 4; lastKnownFileType = sourcecode.swift; path = ThemeManager.swift; sourceTree = "<group>"; };
		81BA82491E3CA80500FCC4C0 /* ThemeManager+Index.swift */ = {isa = PBXFileReference; fileEncoding = 4; lastKnownFileType = sourcecode.swift; path = "ThemeManager+Index.swift"; sourceTree = "<group>"; };
		81BA824A1E3CA80500FCC4C0 /* ThemeManager+OC.swift */ = {isa = PBXFileReference; fileEncoding = 4; lastKnownFileType = sourcecode.swift; path = "ThemeManager+OC.swift"; sourceTree = "<group>"; };
		81BA824B1E3CA80500FCC4C0 /* ThemeManager+Plist.swift */ = {isa = PBXFileReference; fileEncoding = 4; lastKnownFileType = sourcecode.swift; path = "ThemeManager+Plist.swift"; sourceTree = "<group>"; };
		81BA824C1E3CA80500FCC4C0 /* ThemePicker.swift */ = {isa = PBXFileReference; fileEncoding = 4; lastKnownFileType = sourcecode.swift; path = ThemePicker.swift; sourceTree = "<group>"; };
		81BA824D1E3CA80500FCC4C0 /* ThemeStatePicker.swift */ = {isa = PBXFileReference; fileEncoding = 4; lastKnownFileType = sourcecode.swift; path = ThemeStatePicker.swift; sourceTree = "<group>"; };
		81BA824E1E3CA80500FCC4C0 /* ThemeStatusBarStylePicker.swift */ = {isa = PBXFileReference; fileEncoding = 4; lastKnownFileType = sourcecode.swift; path = ThemeStatusBarStylePicker.swift; sourceTree = "<group>"; };
		81BA824F1E3CA80500FCC4C0 /* UIColorExtension.swift */ = {isa = PBXFileReference; fileEncoding = 4; lastKnownFileType = sourcecode.swift; path = UIColorExtension.swift; sourceTree = "<group>"; };
		81BA82501E3CA80500FCC4C0 /* UIKit+Theme.swift */ = {isa = PBXFileReference; fileEncoding = 4; lastKnownFileType = sourcecode.swift; path = "UIKit+Theme.swift"; sourceTree = "<group>"; };
		81C0727C1DB78BB4007266A9 /* Dwifft.framework */ = {isa = PBXFileReference; lastKnownFileType = wrapper.framework; name = Dwifft.framework; path = Carthage/Build/iOS/Dwifft.framework; sourceTree = "<group>"; };
		81E7CBFA1E1FC0F2004AF156 /* LoadingTableView.swift */ = {isa = PBXFileReference; fileEncoding = 4; lastKnownFileType = sourcecode.swift; path = LoadingTableView.swift; sourceTree = "<group>"; };
		81EC00641DAD7514009EEFFA /* Featured.swift */ = {isa = PBXFileReference; fileEncoding = 4; lastKnownFileType = sourcecode.swift; path = Featured.swift; sourceTree = "<group>"; };
		81EC00671DAD76EC009EEFFA /* Extensions.swift */ = {isa = PBXFileReference; fileEncoding = 4; lastKnownFileType = sourcecode.swift; path = Extensions.swift; sourceTree = "<group>"; };
		81EC00691DAD7704009EEFFA /* Colors.swift */ = {isa = PBXFileReference; fileEncoding = 4; lastKnownFileType = sourcecode.swift; path = Colors.swift; sourceTree = "<group>"; };
		81EC006B1DAD7728009EEFFA /* Initializers.swift */ = {isa = PBXFileReference; fileEncoding = 4; lastKnownFileType = sourcecode.swift; path = Initializers.swift; sourceTree = "<group>"; };
		81EC006D1DAD7915009EEFFA /* ItemCollection.swift */ = {isa = PBXFileReference; fileEncoding = 4; lastKnownFileType = sourcecode.swift; path = ItemCollection.swift; sourceTree = "<group>"; };
		81EC00701DAD7979009EEFFA /* FeaturedApp.swift */ = {isa = PBXFileReference; fileEncoding = 4; lastKnownFileType = sourcecode.swift; path = FeaturedApp.swift; sourceTree = "<group>"; };
		81EC00721DAD79A8009EEFFA /* FeaturedBook.swift */ = {isa = PBXFileReference; fileEncoding = 4; lastKnownFileType = sourcecode.swift; path = FeaturedBook.swift; sourceTree = "<group>"; };
		81EC00741DAD89AF009EEFFA /* Dummy.swift */ = {isa = PBXFileReference; fileEncoding = 4; lastKnownFileType = sourcecode.swift; path = Dummy.swift; sourceTree = "<group>"; };
		81EC00761DAD89D7009EEFFA /* Banner.swift */ = {isa = PBXFileReference; fileEncoding = 4; lastKnownFileType = sourcecode.swift; path = Banner.swift; sourceTree = "<group>"; };
		81EC00781DAD8B5A009EEFFA /* Copyright.swift */ = {isa = PBXFileReference; fileEncoding = 4; lastKnownFileType = sourcecode.swift; path = Copyright.swift; sourceTree = "<group>"; };
		81EC007A1DAD92A2009EEFFA /* Featured+Extension.swift */ = {isa = PBXFileReference; fileEncoding = 4; lastKnownFileType = sourcecode.swift; path = "Featured+Extension.swift"; sourceTree = "<group>"; };
		81EC007E1DAE6680009EEFFA /* Items.swift */ = {isa = PBXFileReference; fileEncoding = 4; lastKnownFileType = sourcecode.swift; path = Items.swift; sourceTree = "<group>"; };
		81EC00881DAE88D3009EEFFA /* App.swift */ = {isa = PBXFileReference; fileEncoding = 4; lastKnownFileType = sourcecode.swift; path = App.swift; sourceTree = "<group>"; };
		81EC008A1DAE8D1A009EEFFA /* CydiaApp.swift */ = {isa = PBXFileReference; fileEncoding = 4; lastKnownFileType = sourcecode.swift; path = CydiaApp.swift; sourceTree = "<group>"; };
		81EC008C1DAE8F1F009EEFFA /* Book.swift */ = {isa = PBXFileReference; fileEncoding = 4; lastKnownFileType = sourcecode.swift; path = Book.swift; sourceTree = "<group>"; };
		81F3D6571E1310BA003CD808 /* ILTranslucentView.swift */ = {isa = PBXFileReference; fileEncoding = 4; lastKnownFileType = sourcecode.swift; path = ILTranslucentView.swift; sourceTree = "<group>"; };
/* End PBXFileReference section */

/* Begin PBXFrameworksBuildPhase section */
		8167A60C1DAC246000F96AC2 /* Frameworks */ = {
			isa = PBXFrameworksBuildPhase;
			buildActionMask = 2147483647;
			files = (
				81211D5D1E393ED800981A3F /* RealmSwift.framework in Frameworks */,
				81211D541E393EB500981A3F /* AlamofireNetworkActivityIndicator.framework in Frameworks */,
				81211D601E393F0300981A3F /* AlamofireImage.framework in Frameworks */,
				81211D551E393EB800981A3F /* Bond.framework in Frameworks */,
				81211D5F1E393F0200981A3F /* Alamofire.framework in Frameworks */,
				81211D5E1E393EDB00981A3F /* SwiftyJSON.framework in Frameworks */,
				81211D561E393EBD00981A3F /* Cartography.framework in Frameworks */,
				81211D571E393EC200981A3F /* Dwifft.framework in Frameworks */,
				81A065851E394D5E00398102 /* Diff.framework in Frameworks */,
				81211D591E393ECC00981A3F /* ObjectMapper.framework in Frameworks */,
				81211D5A1E393ECE00981A3F /* ReactiveKit.framework in Frameworks */,
				81211D5C1E393ED600981A3F /* Realm.framework in Frameworks */,
			);
			runOnlyForDeploymentPostprocessing = 0;
		};
/* End PBXFrameworksBuildPhase section */

/* Begin PBXGroup section */
		81236AC71E3B6870009748E0 /* ButtonFactory */ = {
			isa = PBXGroup;
			children = (
				81236AC81E3B6899009748E0 /* ButtonFactory.swift */,
			);
			name = ButtonFactory;
			sourceTree = "<group>";
		};
		81236ACA1E3B8A3E009748E0 /* PaddingLabel */ = {
			isa = PBXGroup;
			children = (
				81236ACB1E3B8A56009748E0 /* PaddingLabel.swift */,
			);
			name = PaddingLabel;
			sourceTree = "<group>";
		};
		812EEF0A1E40DE1500B40474 /* ImageSlideshow */ = {
			isa = PBXGroup;
			children = (
				81B6F6B31E212CC1000AD47C /* AlamofireSource.swift */,
				812EEF251E40DEC200B40474 /* FullScreenSlideshowViewController.swift */,
				812EEF261E40DEC200B40474 /* ImageSlideshow.swift */,
				812EEF271E40DEC200B40474 /* ImageSlideshowItem.swift */,
				812EEF281E40DEC200B40474 /* InputSource.swift */,
				812EEF291E40DEC200B40474 /* UIImage+AspectFit.swift */,
				812EEF2A1E40DEC200B40474 /* UIImageView+Tools.swift */,
				812EEF2B1E40DEC200B40474 /* ZoomAnimatedTransitioning.swift */,
			);
			name = ImageSlideshow;
			sourceTree = "<group>";
		};
		8167A6061DAC246000F96AC2 = {
			isa = PBXGroup;
			children = (
				8167A6111DAC246000F96AC2 /* appdb */,
				8167A6101DAC246000F96AC2 /* Products */,
				81AB37A31DAC2ED7003A586F /* Frameworks */,
			);
			sourceTree = "<group>";
		};
		8167A6101DAC246000F96AC2 /* Products */ = {
			isa = PBXGroup;
			children = (
				8167A60F1DAC246000F96AC2 /* appdb.app */,
			);
			name = Products;
			sourceTree = "<group>";
		};
		8167A6111DAC246000F96AC2 /* appdb */ = {
			isa = PBXGroup;
			children = (
				81EC00621DAD74D9009EEFFA /* Other */,
				8180EE611E26D72D001C04B5 /* API */,
				81EC007D1DAE666B009EEFFA /* Models */,
				8188E8E31DB1993700462256 /* Resources */,
				81EC00661DAD76BE009EEFFA /* Startup */,
				81EC00631DAD74EC009EEFFA /* FEATURED */,
			);
			path = appdb;
			sourceTree = "<group>";
		};
		816CEED71DBCE88E002CFF6E /* Categories */ = {
			isa = PBXGroup;
			children = (
				816CEED81DBCE8A2002CFF6E /* Categories.swift */,
				816CEEDA1DBD00E5002CFF6E /* CategoryCell.swift */,
			);
			name = Categories;
			sourceTree = "<group>";
		};
		8180EE611E26D72D001C04B5 /* API */ = {
			isa = PBXGroup;
			children = (
				8188E8EB1DB25F6B00462256 /* API.swift */,
				8180EE621E26D75E001C04B5 /* API+Search.swift */,
				8180EE641E26D7B7001C04B5 /* API+Genres.swift */,
				8187B4EC1E3A789000F251CD /* API+Promotions.swift */,
			);
			name = API;
			sourceTree = "<group>";
		};
		8188E8E31DB1993700462256 /* Resources */ = {
			isa = PBXGroup;
			children = (
				8188E8E81DB199FD00462256 /* AlamofireObjectMapper */,
				81236AC71E3B6870009748E0 /* ButtonFactory */,
				812EEF0A1E40DE1500B40474 /* ImageSlideshow */,
				81236ACA1E3B8A3E009748E0 /* PaddingLabel */,
				81E7CBF91E1FC0DE004AF156 /* LoadingTableView */,
				81F3D6591E1310C1003CD808 /* ILTranslucentView */,
				81939B4E1E3BC74400179615 /* SwiftTheme */,
				819EC2C51E40FF3600BA7A50 /* Localize_Swift */,
			);
			name = Resources;
			sourceTree = "<group>";
		};
		8188E8E81DB199FD00462256 /* AlamofireObjectMapper */ = {
			isa = PBXGroup;
			children = (
				8188E8E41DB1997100462256 /* AlamofireObjectMapper.swift */,
			);
			name = AlamofireObjectMapper;
			sourceTree = "<group>";
		};
		81939B4E1E3BC74400179615 /* SwiftTheme */ = {
			isa = PBXGroup;
			children = (
				81BA823F1E3CA80500FCC4C0 /* NSObject+Theme.swift */,
				81BA82401E3CA80500FCC4C0 /* ThemeActivityIndicatorViewStylePicker.swift */,
				81BA82411E3CA80500FCC4C0 /* ThemeBarStylePicker.swift */,
				81BA82421E3CA80500FCC4C0 /* ThemeCGColorPicker.swift */,
				81BA82431E3CA80500FCC4C0 /* ThemeCGFloatPicker.swift */,
				81BA82441E3CA80500FCC4C0 /* ThemeColorPicker.swift */,
				81BA82451E3CA80500FCC4C0 /* ThemeDictionaryPicker.swift */,
				81BA82461E3CA80500FCC4C0 /* ThemeFontPicker.swift */,
				81BA82471E3CA80500FCC4C0 /* ThemeImagePicker.swift */,
				81BA82481E3CA80500FCC4C0 /* ThemeManager.swift */,
				81BA82491E3CA80500FCC4C0 /* ThemeManager+Index.swift */,
				81BA824A1E3CA80500FCC4C0 /* ThemeManager+OC.swift */,
				81BA824B1E3CA80500FCC4C0 /* ThemeManager+Plist.swift */,
				81BA824C1E3CA80500FCC4C0 /* ThemePicker.swift */,
				81BA824D1E3CA80500FCC4C0 /* ThemeStatePicker.swift */,
				81BA824E1E3CA80500FCC4C0 /* ThemeStatusBarStylePicker.swift */,
				81BA824F1E3CA80500FCC4C0 /* UIColorExtension.swift */,
				81BA82501E3CA80500FCC4C0 /* UIKit+Theme.swift */,
			);
			name = SwiftTheme;
			sourceTree = "<group>";
		};
		819EC2C51E40FF3600BA7A50 /* Localize_Swift */ = {
			isa = PBXGroup;
			children = (
				819EC2D21E41013D00BA7A50 /* Localizable.strings */,
				819EC2C61E40FF4400BA7A50 /* Localize.swift */,
				819EC2C71E40FF4400BA7A50 /* String+LocalizeBundle.swift */,
				819EC2C81E40FF4400BA7A50 /* String+LocalizedBundleTableName.swift */,
				819EC2C91E40FF4400BA7A50 /* String+LocalizeTableName.swift */,
			);
			name = Localize_Swift;
			sourceTree = "<group>";
		};
		81AB37A31DAC2ED7003A586F /* Frameworks */ = {
			isa = PBXGroup;
			children = (
				81939B4C1E3BB4DB00179615 /* SwiftTheme.framework */,
				81A065841E394D5E00398102 /* Diff.framework */,
				81B6F6B01E212B2B000AD47C /* ImageSlideshow.framework */,
				81C0727C1DB78BB4007266A9 /* Dwifft.framework */,
				8188E8F61DB3B9E000462256 /* Bond.framework */,
				8188E8F21DB3B66700462256 /* ReactiveKit.framework */,
				8188E8F31DB3B66700462256 /* ReactiveUIKit.framework */,
				8188E8ED1DB2AD4B00462256 /* AlamofireImage.framework */,
				8188E8EE1DB2AD4B00462256 /* AlamofireNetworkActivityIndicator.framework */,
				8188E8E91DB23B6E00462256 /* SwiftyJSON.framework */,
				8188E8D71DB198B800462256 /* Alamofire.framework */,
				8188E8D81DB198B800462256 /* Cartography.framework */,
				8188E8D91DB198B800462256 /* Log.framework */,
				8188E8DA1DB198B800462256 /* ObjectMapper.framework */,
				8188E8DB1DB198B800462256 /* Realm.framework */,
				8188E8DC1DB198B800462256 /* RealmSwift.framework */,
			);
			name = Frameworks;
			sourceTree = "<group>";
		};
		81E7CBF91E1FC0DE004AF156 /* LoadingTableView */ = {
			isa = PBXGroup;
			children = (
				81E7CBFA1E1FC0F2004AF156 /* LoadingTableView.swift */,
			);
			name = LoadingTableView;
			sourceTree = "<group>";
		};
		81EC00621DAD74D9009EEFFA /* Other */ = {
			isa = PBXGroup;
			children = (
				8167A61D1DAC246000F96AC2 /* LaunchScreen.storyboard */,
				8167A61B1DAC246000F96AC2 /* Assets.xcassets */,
				8167A6261DAC24F700F96AC2 /* appdb.entitlements */,
				8167A6201DAC246000F96AC2 /* Info.plist */,
			);
			name = Other;
			sourceTree = "<group>";
		};
		81EC00631DAD74EC009EEFFA /* FEATURED */ = {
			isa = PBXGroup;
			children = (
				81EC00641DAD7514009EEFFA /* Featured.swift */,
				81EC007A1DAD92A2009EEFFA /* Featured+Extension.swift */,
				81EC007C1DAD92BE009EEFFA /* Cells */,
				816CEED71DBCE88E002CFF6E /* Categories */,
			);
			name = FEATURED;
			sourceTree = "<group>";
		};
		81EC00661DAD76BE009EEFFA /* Startup */ = {
			isa = PBXGroup;
			children = (
				8167A6121DAC246000F96AC2 /* AppDelegate.swift */,
				81AB37AD1DAC30BD003A586F /* TabBarController.swift */,
				81EC006B1DAD7728009EEFFA /* Initializers.swift */,
				81EC00671DAD76EC009EEFFA /* Extensions.swift */,
				81EC00691DAD7704009EEFFA /* Colors.swift */,
				81939B461E3BA98D00179615 /* Themes.swift */,
			);
			name = Startup;
			sourceTree = "<group>";
		};
		81EC006F1DAD7959009EEFFA /* CollectionView Cells */ = {
			isa = PBXGroup;
			children = (
				81EC00701DAD7979009EEFFA /* FeaturedApp.swift */,
				81EC00721DAD79A8009EEFFA /* FeaturedBook.swift */,
			);
			name = "CollectionView Cells";
			sourceTree = "<group>";
		};
		81EC007C1DAD92BE009EEFFA /* Cells */ = {
			isa = PBXGroup;
			children = (
				81EC006F1DAD7959009EEFFA /* CollectionView Cells */,
				81EC00761DAD89D7009EEFFA /* Banner.swift */,
				81EC006D1DAD7915009EEFFA /* ItemCollection.swift */,
				81EC00741DAD89AF009EEFFA /* Dummy.swift */,
				81EC00781DAD8B5A009EEFFA /* Copyright.swift */,
			);
			name = Cells;
			sourceTree = "<group>";
		};
		81EC007D1DAE666B009EEFFA /* Models */ = {
			isa = PBXGroup;
			children = (
				81EC007E1DAE6680009EEFFA /* Items.swift */,
				81EC00881DAE88D3009EEFFA /* App.swift */,
				81EC008A1DAE8D1A009EEFFA /* CydiaApp.swift */,
				81EC008C1DAE8F1F009EEFFA /* Book.swift */,
				8187B4EE1E3A795800F251CD /* Promotion.swift */,
				81939B4A1E3BAA9A00179615 /* Preferences.swift */,
			);
			name = Models;
			sourceTree = "<group>";
		};
		81F3D6591E1310C1003CD808 /* ILTranslucentView */ = {
			isa = PBXGroup;
			children = (
				81F3D6571E1310BA003CD808 /* ILTranslucentView.swift */,
			);
			name = ILTranslucentView;
			sourceTree = "<group>";
		};
/* End PBXGroup section */

/* Begin PBXNativeTarget section */
		8167A60E1DAC246000F96AC2 /* appdb */ = {
			isa = PBXNativeTarget;
			buildConfigurationList = 8167A6231DAC246000F96AC2 /* Build configuration list for PBXNativeTarget "appdb" */;
			buildPhases = (
				8167A60B1DAC246000F96AC2 /* Sources */,
				8167A60C1DAC246000F96AC2 /* Frameworks */,
				8167A60D1DAC246000F96AC2 /* Resources */,
				8188E8D61DB1983700462256 /* ShellScript */,
			);
			buildRules = (
			);
			dependencies = (
			);
			name = appdb;
			productName = appdb;
			productReference = 8167A60F1DAC246000F96AC2 /* appdb.app */;
			productType = "com.apple.product-type.application";
		};
/* End PBXNativeTarget section */

/* Begin PBXProject section */
		8167A6071DAC246000F96AC2 /* Project object */ = {
			isa = PBXProject;
			attributes = {
				LastSwiftUpdateCheck = 0800;
				LastUpgradeCheck = 0810;
				ORGANIZATIONNAME = ned;
				TargetAttributes = {
					8167A60E1DAC246000F96AC2 = {
						CreatedOnToolsVersion = 8.0;
						ProvisioningStyle = Manual;
						SystemCapabilities = {
							com.apple.Keychain = {
								enabled = 0;
							};
						};
					};
				};
			};
			buildConfigurationList = 8167A60A1DAC246000F96AC2 /* Build configuration list for PBXProject "appdb" */;
			compatibilityVersion = "Xcode 3.2";
			developmentRegion = English;
			hasScannedForEncodings = 0;
			knownRegions = (
				en,
				Base,
				it,
			);
			mainGroup = 8167A6061DAC246000F96AC2;
			productRefGroup = 8167A6101DAC246000F96AC2 /* Products */;
			projectDirPath = "";
			projectRoot = "";
			targets = (
				8167A60E1DAC246000F96AC2 /* appdb */,
			);
		};
/* End PBXProject section */

/* Begin PBXResourcesBuildPhase section */
		8167A60D1DAC246000F96AC2 /* Resources */ = {
			isa = PBXResourcesBuildPhase;
			buildActionMask = 2147483647;
			files = (
				8167A61F1DAC246000F96AC2 /* LaunchScreen.storyboard in Resources */,
				819EC2D01E41013D00BA7A50 /* Localizable.strings in Resources */,
				8167A61C1DAC246000F96AC2 /* Assets.xcassets in Resources */,
			);
			runOnlyForDeploymentPostprocessing = 0;
		};
/* End PBXResourcesBuildPhase section */

/* Begin PBXShellScriptBuildPhase section */
		8188E8D61DB1983700462256 /* ShellScript */ = {
			isa = PBXShellScriptBuildPhase;
			buildActionMask = 2147483647;
			files = (
			);
			inputPaths = (
				"$(SRCROOT)/Carthage/Build/iOS/Alamofire.framework",
				"$(SRCROOT)/Carthage/Build/iOS/Realm.framework",
				"$(SRCROOT)/Carthage/Build/iOS/RealmSwift.framework",
				"$(SRCROOT)/Carthage/Build/iOS/Cartography.framework",
				"$(SRCROOT)/Carthage/Build/iOS/ObjectMapper.framework",
				"$(SRCROOT)/Carthage/Build/iOS/SwiftyJSON.framework",
				"$(SRCROOT)/Carthage/Build/iOS/AlamofireImage.framework",
				"$(SRCROOT)/Carthage/Build/iOS/AlamofireNetworkActivityIndicator.framework",
				"$(SRCROOT)/Carthage/Build/iOS/ReactiveKit.framework",
				"$(SRCROOT)/Carthage/Build/iOS/Bond.framework",
				"$(SRCROOT)/Carthage/Build/iOS/Dwifft.framework",
				"$(SRCROOT)/Carthage/Build/iOS/Diff.framework",
			);
			outputPaths = (
			);
			runOnlyForDeploymentPostprocessing = 0;
			shellPath = /bin/sh;
			shellScript = "/usr/local/bin/carthage copy-frameworks";
		};
/* End PBXShellScriptBuildPhase section */

/* Begin PBXSourcesBuildPhase section */
		8167A60B1DAC246000F96AC2 /* Sources */ = {
			isa = PBXSourcesBuildPhase;
			buildActionMask = 2147483647;
			files = (
				819EC2CD1E40FF4400BA7A50 /* String+LocalizeTableName.swift in Sources */,
				81BA82621E3CA80500FCC4C0 /* UIKit+Theme.swift in Sources */,
				81EC00651DAD7514009EEFFA /* Featured.swift in Sources */,
				812EEF311E40DEC200B40474 /* UIImageView+Tools.swift in Sources */,
				8187B4EF1E3A795800F251CD /* Promotion.swift in Sources */,
				81EC006A1DAD7704009EEFFA /* Colors.swift in Sources */,
				81EC00751DAD89AF009EEFFA /* Dummy.swift in Sources */,
				81F3D6581E1310BA003CD808 /* ILTranslucentView.swift in Sources */,
				81EC00891DAE88D3009EEFFA /* App.swift in Sources */,
				819EC2CC1E40FF4400BA7A50 /* String+LocalizedBundleTableName.swift in Sources */,
				81EC008B1DAE8D1A009EEFFA /* CydiaApp.swift in Sources */,
				812EEF2D1E40DEC200B40474 /* ImageSlideshow.swift in Sources */,
				81236AC91E3B6899009748E0 /* ButtonFactory.swift in Sources */,
				81BA82581E3CA80500FCC4C0 /* ThemeFontPicker.swift in Sources */,
				8188E8E61DB1997100462256 /* AlamofireObjectMapper.swift in Sources */,
				81EC006C1DAD7728009EEFFA /* Initializers.swift in Sources */,
				81EC007F1DAE6680009EEFFA /* Items.swift in Sources */,
				8180EE631E26D75E001C04B5 /* API+Search.swift in Sources */,
				81EC00771DAD89D7009EEFFA /* Banner.swift in Sources */,
				81BA82591E3CA80500FCC4C0 /* ThemeImagePicker.swift in Sources */,
				81BA82611E3CA80500FCC4C0 /* UIColorExtension.swift in Sources */,
				81BA82541E3CA80500FCC4C0 /* ThemeCGColorPicker.swift in Sources */,
				81939B471E3BA98D00179615 /* Themes.swift in Sources */,
				81EC007B1DAD92A2009EEFFA /* Featured+Extension.swift in Sources */,
				8167A6131DAC246000F96AC2 /* AppDelegate.swift in Sources */,
				81BA825E1E3CA80500FCC4C0 /* ThemePicker.swift in Sources */,
				812EEF2E1E40DEC200B40474 /* ImageSlideshowItem.swift in Sources */,
				81BA825C1E3CA80500FCC4C0 /* ThemeManager+OC.swift in Sources */,
				81AB37AE1DAC30BD003A586F /* TabBarController.swift in Sources */,
				81BA825D1E3CA80500FCC4C0 /* ThemeManager+Plist.swift in Sources */,
				81BA82551E3CA80500FCC4C0 /* ThemeCGFloatPicker.swift in Sources */,
				81BA82521E3CA80500FCC4C0 /* ThemeActivityIndicatorViewStylePicker.swift in Sources */,
				819EC2CB1E40FF4400BA7A50 /* String+LocalizeBundle.swift in Sources */,
				8180EE651E26D7B7001C04B5 /* API+Genres.swift in Sources */,
				81BA82561E3CA80500FCC4C0 /* ThemeColorPicker.swift in Sources */,
				81BA82571E3CA80500FCC4C0 /* ThemeDictionaryPicker.swift in Sources */,
				8187B4ED1E3A789000F251CD /* API+Promotions.swift in Sources */,
				8188E8EC1DB25F6B00462256 /* API.swift in Sources */,
				81EC00791DAD8B5A009EEFFA /* Copyright.swift in Sources */,
				819EC2CA1E40FF4400BA7A50 /* Localize.swift in Sources */,
				81EC00711DAD7979009EEFFA /* FeaturedApp.swift in Sources */,
				81EC00731DAD79A8009EEFFA /* FeaturedBook.swift in Sources */,
				81B6F6B41E212CC1000AD47C /* AlamofireSource.swift in Sources */,
				81E7CBFB1E1FC0F2004AF156 /* LoadingTableView.swift in Sources */,
				812EEF2C1E40DEC200B40474 /* FullScreenSlideshowViewController.swift in Sources */,
				81EC00681DAD76EC009EEFFA /* Extensions.swift in Sources */,
				81BA82511E3CA80500FCC4C0 /* NSObject+Theme.swift in Sources */,
				812EEF301E40DEC200B40474 /* UIImage+AspectFit.swift in Sources */,
				81BA82601E3CA80500FCC4C0 /* ThemeStatusBarStylePicker.swift in Sources */,
				812EEF2F1E40DEC200B40474 /* InputSource.swift in Sources */,
				81236ACC1E3B8A56009748E0 /* PaddingLabel.swift in Sources */,
				81BA825F1E3CA80500FCC4C0 /* ThemeStatePicker.swift in Sources */,
				816CEEDB1DBD00E5002CFF6E /* CategoryCell.swift in Sources */,
				816CEED91DBCE8A2002CFF6E /* Categories.swift in Sources */,
				81BA825B1E3CA80500FCC4C0 /* ThemeManager+Index.swift in Sources */,
				81BA82531E3CA80500FCC4C0 /* ThemeBarStylePicker.swift in Sources */,
				81EC006E1DAD7915009EEFFA /* ItemCollection.swift in Sources */,
				81939B4B1E3BAA9A00179615 /* Preferences.swift in Sources */,
				81EC008D1DAE8F1F009EEFFA /* Book.swift in Sources */,
				81BA825A1E3CA80500FCC4C0 /* ThemeManager.swift in Sources */,
				812EEF321E40DEC200B40474 /* ZoomAnimatedTransitioning.swift in Sources */,
			);
			runOnlyForDeploymentPostprocessing = 0;
		};
/* End PBXSourcesBuildPhase section */

/* Begin PBXVariantGroup section */
		8167A61D1DAC246000F96AC2 /* LaunchScreen.storyboard */ = {
			isa = PBXVariantGroup;
			children = (
				8167A61E1DAC246000F96AC2 /* Base */,
			);
			name = LaunchScreen.storyboard;
			sourceTree = "<group>";
		};
		819EC2D21E41013D00BA7A50 /* Localizable.strings */ = {
			isa = PBXVariantGroup;
			children = (
				819EC2D11E41013D00BA7A50 /* en */,
				819EC2D31E41016D00BA7A50 /* it */,
			);
			name = Localizable.strings;
			sourceTree = "<group>";
		};
/* End PBXVariantGroup section */

/* Begin XCBuildConfiguration section */
		8167A6211DAC246000F96AC2 /* Debug */ = {
			isa = XCBuildConfiguration;
			buildSettings = {
				ALWAYS_SEARCH_USER_PATHS = NO;
				CLANG_ANALYZER_LOCALIZABILITY_NONLOCALIZED = YES;
				CLANG_ANALYZER_NONNULL = YES;
				CLANG_CXX_LANGUAGE_STANDARD = "gnu++0x";
				CLANG_CXX_LIBRARY = "libc++";
				CLANG_ENABLE_MODULES = YES;
				CLANG_ENABLE_OBJC_ARC = YES;
				CLANG_WARN_BOOL_CONVERSION = YES;
				CLANG_WARN_CONSTANT_CONVERSION = YES;
				CLANG_WARN_DIRECT_OBJC_ISA_USAGE = YES_ERROR;
				CLANG_WARN_DOCUMENTATION_COMMENTS = YES;
				CLANG_WARN_EMPTY_BODY = YES;
				CLANG_WARN_ENUM_CONVERSION = YES;
				CLANG_WARN_INFINITE_RECURSION = YES;
				CLANG_WARN_INT_CONVERSION = YES;
				CLANG_WARN_OBJC_ROOT_CLASS = YES_ERROR;
				CLANG_WARN_SUSPICIOUS_MOVE = YES;
				CLANG_WARN_SUSPICIOUS_MOVES = YES;
				CLANG_WARN_UNREACHABLE_CODE = YES;
				CLANG_WARN__DUPLICATE_METHOD_MATCH = YES;
				"CODE_SIGN_IDENTITY[sdk=iphoneos*]" = "iPhone Developer";
				COPY_PHASE_STRIP = NO;
				DEBUG_INFORMATION_FORMAT = dwarf;
				ENABLE_STRICT_OBJC_MSGSEND = YES;
				ENABLE_TESTABILITY = YES;
				GCC_C_LANGUAGE_STANDARD = gnu99;
				GCC_DYNAMIC_NO_PIC = NO;
				GCC_NO_COMMON_BLOCKS = YES;
				GCC_OPTIMIZATION_LEVEL = 0;
				GCC_PREPROCESSOR_DEFINITIONS = (
					"DEBUG=1",
					"$(inherited)",
				);
				GCC_WARN_64_TO_32_BIT_CONVERSION = YES;
				GCC_WARN_ABOUT_RETURN_TYPE = YES_ERROR;
				GCC_WARN_UNDECLARED_SELECTOR = YES;
				GCC_WARN_UNINITIALIZED_AUTOS = YES_AGGRESSIVE;
				GCC_WARN_UNUSED_FUNCTION = YES;
				GCC_WARN_UNUSED_VARIABLE = YES;
				IPHONEOS_DEPLOYMENT_TARGET = 10.0;
				MTL_ENABLE_DEBUG_INFO = YES;
				ONLY_ACTIVE_ARCH = YES;
				SDKROOT = iphoneos;
				SWIFT_ACTIVE_COMPILATION_CONDITIONS = DEBUG;
				SWIFT_OPTIMIZATION_LEVEL = "-Onone";
				TARGETED_DEVICE_FAMILY = "1,2";
			};
			name = Debug;
		};
		8167A6221DAC246000F96AC2 /* Release */ = {
			isa = XCBuildConfiguration;
			buildSettings = {
				ALWAYS_SEARCH_USER_PATHS = NO;
				CLANG_ANALYZER_LOCALIZABILITY_NONLOCALIZED = YES;
				CLANG_ANALYZER_NONNULL = YES;
				CLANG_CXX_LANGUAGE_STANDARD = "gnu++0x";
				CLANG_CXX_LIBRARY = "libc++";
				CLANG_ENABLE_MODULES = YES;
				CLANG_ENABLE_OBJC_ARC = YES;
				CLANG_WARN_BOOL_CONVERSION = YES;
				CLANG_WARN_CONSTANT_CONVERSION = YES;
				CLANG_WARN_DIRECT_OBJC_ISA_USAGE = YES_ERROR;
				CLANG_WARN_DOCUMENTATION_COMMENTS = YES;
				CLANG_WARN_EMPTY_BODY = YES;
				CLANG_WARN_ENUM_CONVERSION = YES;
				CLANG_WARN_INFINITE_RECURSION = YES;
				CLANG_WARN_INT_CONVERSION = YES;
				CLANG_WARN_OBJC_ROOT_CLASS = YES_ERROR;
				CLANG_WARN_SUSPICIOUS_MOVE = YES;
				CLANG_WARN_SUSPICIOUS_MOVES = YES;
				CLANG_WARN_UNREACHABLE_CODE = YES;
				CLANG_WARN__DUPLICATE_METHOD_MATCH = YES;
				"CODE_SIGN_IDENTITY[sdk=iphoneos*]" = "iPhone Developer";
				COPY_PHASE_STRIP = NO;
				DEBUG_INFORMATION_FORMAT = "dwarf-with-dsym";
				ENABLE_NS_ASSERTIONS = NO;
				ENABLE_STRICT_OBJC_MSGSEND = YES;
				GCC_C_LANGUAGE_STANDARD = gnu99;
				GCC_NO_COMMON_BLOCKS = YES;
				GCC_WARN_64_TO_32_BIT_CONVERSION = YES;
				GCC_WARN_ABOUT_RETURN_TYPE = YES_ERROR;
				GCC_WARN_UNDECLARED_SELECTOR = YES;
				GCC_WARN_UNINITIALIZED_AUTOS = YES_AGGRESSIVE;
				GCC_WARN_UNUSED_FUNCTION = YES;
				GCC_WARN_UNUSED_VARIABLE = YES;
				IPHONEOS_DEPLOYMENT_TARGET = 10.0;
				MTL_ENABLE_DEBUG_INFO = NO;
				SDKROOT = iphoneos;
				SWIFT_OPTIMIZATION_LEVEL = "-Owholemodule";
				TARGETED_DEVICE_FAMILY = "1,2";
				VALIDATE_PRODUCT = YES;
			};
			name = Release;
		};
		8167A6241DAC246000F96AC2 /* Debug */ = {
			isa = XCBuildConfiguration;
			buildSettings = {
				ASSETCATALOG_COMPILER_APPICON_NAME = AppIcon;
				CODE_SIGN_ENTITLEMENTS = appdb/appdb.entitlements;
				CODE_SIGN_IDENTITY = "-";
				"CODE_SIGN_IDENTITY[sdk=iphoneos*]" = "-";
				DEVELOPMENT_TEAM = "";
				FRAMEWORK_SEARCH_PATHS = (
					"$(inherited)",
					"$(PROJECT_DIR)/appdb",
					"$(PROJECT_DIR)/Carthage/Build/iOS",
				);
				INFOPLIST_FILE = appdb/Info.plist;
				IPHONEOS_DEPLOYMENT_TARGET = 8.0;
				LD_RUNPATH_SEARCH_PATHS = "$(inherited) @executable_path/Frameworks";
				PRODUCT_BUNDLE_IDENTIFIER = it.ned.appdb;
				PRODUCT_NAME = "$(TARGET_NAME)";
				SWIFT_VERSION = 3.0;
			};
			name = Debug;
		};
		8167A6251DAC246000F96AC2 /* Release */ = {
			isa = XCBuildConfiguration;
			buildSettings = {
				ASSETCATALOG_COMPILER_APPICON_NAME = AppIcon;
				CODE_SIGN_ENTITLEMENTS = appdb/appdb.entitlements;
				CODE_SIGN_IDENTITY = "-";
				"CODE_SIGN_IDENTITY[sdk=iphoneos*]" = "-";
				DEVELOPMENT_TEAM = "";
				FRAMEWORK_SEARCH_PATHS = (
					"$(inherited)",
					"$(PROJECT_DIR)/appdb",
					"$(PROJECT_DIR)/Carthage/Build/iOS",
				);
				INFOPLIST_FILE = appdb/Info.plist;
				IPHONEOS_DEPLOYMENT_TARGET = 8.0;
				LD_RUNPATH_SEARCH_PATHS = "$(inherited) @executable_path/Frameworks";
				PRODUCT_BUNDLE_IDENTIFIER = it.ned.appdb;
				PRODUCT_NAME = "$(TARGET_NAME)";
				SWIFT_VERSION = 3.0;
			};
			name = Release;
		};
/* End XCBuildConfiguration section */

/* Begin XCConfigurationList section */
		8167A60A1DAC246000F96AC2 /* Build configuration list for PBXProject "appdb" */ = {
			isa = XCConfigurationList;
			buildConfigurations = (
				8167A6211DAC246000F96AC2 /* Debug */,
				8167A6221DAC246000F96AC2 /* Release */,
			);
			defaultConfigurationIsVisible = 0;
			defaultConfigurationName = Release;
		};
		8167A6231DAC246000F96AC2 /* Build configuration list for PBXNativeTarget "appdb" */ = {
			isa = XCConfigurationList;
			buildConfigurations = (
				8167A6241DAC246000F96AC2 /* Debug */,
				8167A6251DAC246000F96AC2 /* Release */,
			);
			defaultConfigurationIsVisible = 0;
			defaultConfigurationName = Release;
		};
/* End XCConfigurationList section */
	};
	rootObject = 8167A6071DAC246000F96AC2 /* Project object */;
}
